// !$*UTF8*$!
{
    archiveVersion = 1;
    classes = {};
    objectVersion = 46;
    rootObject = __RootObject_;
    objects = {
        __RootObject_ = {
            isa = PBXProject;
            attributes = {LastUpgradeCheck = 9999;};
            buildConfigurationList = ___RootConfs_;
            compatibilityVersion = 'Xcode 3.2';
            developmentRegion = English;
            hasScannedForEncodings = 0;
            knownRegions = (en);
            mainGroup = ___RootGroup_;
            productRefGroup = ____Products_;
            projectDirPath = '';
            projectRoot = '';
            targets = (______Target_SimpleKernel, ______Target_SwiftOpenCL);
        };
        '__PBXFileRef_Package.swift' = {
            isa = PBXFileReference;
            lastKnownFileType = sourcecode.swift;
            name = 'Package.swift';
            path = 'Package.swift';
            sourceTree = '<group>';
        };
        ___RootGroup_ = {
            isa = PBXGroup;
            children = ('__PBXFileRef_Package.swift', _____Configs_, _____Sources_, Dependencies_, _______Tests_, ____Products_);
            sourceTree = '<group>';
        };
        _______Group_SimpleKernel = {
            isa = PBXGroup;
            name = SimpleKernel;
            path = 'Sources/SimpleKernel';
            sourceTree = '<group>';
            children = ('__PBXFileRef_Sources/SimpleKernel/main.swift');
        };
        '__PBXFileRef_Sources/SimpleKernel/main.swift' = {
            isa = PBXFileReference;
            lastKnownFileType = sourcecode.swift;
            name = 'main.swift';
            sourceTree = '<group>';
        };
        ______Target_SimpleKernel = {
            isa = PBXNativeTarget;
            buildConfigurationList = _______Confs_SimpleKernel;
            buildPhases = (CompilePhase_SimpleKernel, ___LinkPhase_SimpleKernel);
            buildRules = ();
            dependencies = (__Dependency_SwiftOpenCL);
            name = SimpleKernel;
            productName = SimpleKernel;
            productReference = _____Product_SimpleKernel;
            productType = 'com.apple.product-type.tool';
        };
        _____Product_SimpleKernel = {
            isa = PBXFileReference;
            explicitFileType = 'compiled.mach-o.executable';
            path = 'SimpleKernel';
            sourceTree = BUILT_PRODUCTS_DIR;
        };
        CompilePhase_SimpleKernel = {
            isa = PBXSourcesBuildPhase;
            files = ('__src_cc_ref_Sources/SimpleKernel/main.swift');
            runOnlyForDeploymentPostprocessing = 0;
        };
        '__src_cc_ref_Sources/SimpleKernel/main.swift' = {
            isa = PBXBuildFile;
            fileRef = '__PBXFileRef_Sources/SimpleKernel/main.swift';
        };
        ___LinkPhase_SimpleKernel = {
            isa = PBXFrameworksBuildPhase;
            files = (_LinkFileRef_SwiftOpenCL_via_SimpleKernel);
            runOnlyForDeploymentPostprocessing = 0;
        };
        _LinkFileRef_SwiftOpenCL_via_SimpleKernel = {
            isa = PBXBuildFile;
            fileRef = _____Product_SwiftOpenCL;
        };
        _______Confs_SimpleKernel = {
            isa = XCConfigurationList;
            buildConfigurations = (___DebugConf_SimpleKernel, _ReleaseConf_SimpleKernel);
            defaultConfigurationIsVisible = 0;
            defaultConfigurationName = Debug;
        };
        ___DebugConf_SimpleKernel = {
            isa = XCBuildConfiguration;
            buildSettings = { LD_RUNPATH_SEARCH_PATHS = '$(TOOLCHAIN_DIR)/usr/lib/swift/macosx @executable_path'; FRAMEWORK_SEARCH_PATHS = '$(PLATFORM_DIR)/Developer/Library/Frameworks'; OTHER_SWIFT_FLAGS = '$(inherited)'; SWIFT_FORCE_STATIC_LINK_STDLIB = 'NO'; SWIFT_FORCE_DYNAMIC_LINK_STDLIB = 'YES'; SWIFT_OPTIMIZATION_LEVEL = '-Onone'; OTHER_LDFLAGS = '$(inherited)'; };
            name = Debug;
        };
        _ReleaseConf_SimpleKernel = {
            isa = XCBuildConfiguration;
            buildSettings = { OTHER_SWIFT_FLAGS = '$(inherited)'; LD_RUNPATH_SEARCH_PATHS = '$(TOOLCHAIN_DIR)/usr/lib/swift/macosx @executable_path'; FRAMEWORK_SEARCH_PATHS = '$(PLATFORM_DIR)/Developer/Library/Frameworks'; SWIFT_FORCE_STATIC_LINK_STDLIB = 'NO'; SWIFT_FORCE_DYNAMIC_LINK_STDLIB = 'YES'; OTHER_LDFLAGS = '$(inherited)'; };
            name = Release;
        };
        __Dependency_SimpleKernel = {
            isa = PBXTargetDependency;
            target = ______Target_SimpleKernel;
        };
        __PBXFileRef_SwiftOpenCL_Info.plist = {
            isa = PBXFileReference;
            lastKnownFileType = text.plist.xml;
            name = 'SwiftOpenCL_Info.plist';
            path = 'SwiftOpenCL.xcodeproj/SwiftOpenCL_Info.plist';
            sourceTree = SOURCE_ROOT;
        };
        _______Group_SwiftOpenCL = {
            isa = PBXGroup;
            name = SwiftOpenCL;
            path = 'Sources/SwiftOpenCL';
            sourceTree = '<group>';
            children = ('__PBXFileRef_Sources/SwiftOpenCL/Buffer.swift', '__PBXFileRef_Sources/SwiftOpenCL/ClErrors.swift', '__PBXFileRef_Sources/SwiftOpenCL/CommandQueue.swift', '__PBXFileRef_Sources/SwiftOpenCL/Context.swift', '__PBXFileRef_Sources/SwiftOpenCL/Device.swift', '__PBXFileRef_Sources/SwiftOpenCL/GclCommandQueue.swift', '__PBXFileRef_Sources/SwiftOpenCL/Kernel.swift', '__PBXFileRef_Sources/SwiftOpenCL/NDRange.swift', '__PBXFileRef_Sources/SwiftOpenCL/Platform.swift', '__PBXFileRef_Sources/SwiftOpenCL/Program.swift', __PBXFileRef_SwiftOpenCL_Info.plist);
        };
        '__PBXFileRef_Sources/SwiftOpenCL/Buffer.swift' = {
            isa = PBXFileReference;
            lastKnownFileType = sourcecode.swift;
            name = 'Buffer.swift';
            sourceTree = '<group>';
        };
        '__PBXFileRef_Sources/SwiftOpenCL/ClErrors.swift' = {
            isa = PBXFileReference;
            lastKnownFileType = sourcecode.swift;
            name = 'ClErrors.swift';
            sourceTree = '<group>';
        };
        '__PBXFileRef_Sources/SwiftOpenCL/CommandQueue.swift' = {
            isa = PBXFileReference;
            lastKnownFileType = sourcecode.swift;
            name = 'CommandQueue.swift';
            sourceTree = '<group>';
        };
        '__PBXFileRef_Sources/SwiftOpenCL/Context.swift' = {
            isa = PBXFileReference;
            lastKnownFileType = sourcecode.swift;
            name = 'Context.swift';
            sourceTree = '<group>';
        };
        '__PBXFileRef_Sources/SwiftOpenCL/Device.swift' = {
            isa = PBXFileReference;
            lastKnownFileType = sourcecode.swift;
            name = 'Device.swift';
            sourceTree = '<group>';
        };
        '__PBXFileRef_Sources/SwiftOpenCL/GclCommandQueue.swift' = {
            isa = PBXFileReference;
            lastKnownFileType = sourcecode.swift;
            name = 'GclCommandQueue.swift';
            sourceTree = '<group>';
        };
        '__PBXFileRef_Sources/SwiftOpenCL/Kernel.swift' = {
            isa = PBXFileReference;
            lastKnownFileType = sourcecode.swift;
            name = 'Kernel.swift';
            sourceTree = '<group>';
        };
        '__PBXFileRef_Sources/SwiftOpenCL/NDRange.swift' = {
            isa = PBXFileReference;
            lastKnownFileType = sourcecode.swift;
            name = 'NDRange.swift';
            sourceTree = '<group>';
        };
        '__PBXFileRef_Sources/SwiftOpenCL/Platform.swift' = {
            isa = PBXFileReference;
            lastKnownFileType = sourcecode.swift;
            name = 'Platform.swift';
            sourceTree = '<group>';
        };
        '__PBXFileRef_Sources/SwiftOpenCL/Program.swift' = {
            isa = PBXFileReference;
            lastKnownFileType = sourcecode.swift;
            name = 'Program.swift';
            sourceTree = '<group>';
        };
        ______Target_SwiftOpenCL = {
            isa = PBXNativeTarget;
            buildConfigurationList = _______Confs_SwiftOpenCL;
            buildPhases = (CompilePhase_SwiftOpenCL, ___LinkPhase_SwiftOpenCL);
            buildRules = ();
            dependencies = ();
            name = SwiftOpenCL;
            productName = SwiftOpenCL;
            productReference = _____Product_SwiftOpenCL;
            productType = 'com.apple.product-type.framework';
        };
        _____Product_SwiftOpenCL = {
            isa = PBXFileReference;
            explicitFileType = 'wrapper.framework';
            path = 'SwiftOpenCL.framework';
            sourceTree = BUILT_PRODUCTS_DIR;
        };
        CompilePhase_SwiftOpenCL = {
            isa = PBXSourcesBuildPhase;
            files = ('__src_cc_ref_Sources/SwiftOpenCL/Buffer.swift', '__src_cc_ref_Sources/SwiftOpenCL/ClErrors.swift', '__src_cc_ref_Sources/SwiftOpenCL/CommandQueue.swift', '__src_cc_ref_Sources/SwiftOpenCL/Context.swift', '__src_cc_ref_Sources/SwiftOpenCL/Device.swift', '__src_cc_ref_Sources/SwiftOpenCL/GclCommandQueue.swift', '__src_cc_ref_Sources/SwiftOpenCL/Kernel.swift', '__src_cc_ref_Sources/SwiftOpenCL/NDRange.swift', '__src_cc_ref_Sources/SwiftOpenCL/Platform.swift', '__src_cc_ref_Sources/SwiftOpenCL/Program.swift');
            runOnlyForDeploymentPostprocessing = 0;
        };
        '__src_cc_ref_Sources/SwiftOpenCL/Buffer.swift' = {
            isa = PBXBuildFile;
            fileRef = '__PBXFileRef_Sources/SwiftOpenCL/Buffer.swift';
        };
        '__src_cc_ref_Sources/SwiftOpenCL/ClErrors.swift' = {
            isa = PBXBuildFile;
            fileRef = '__PBXFileRef_Sources/SwiftOpenCL/ClErrors.swift';
        };
        '__src_cc_ref_Sources/SwiftOpenCL/CommandQueue.swift' = {
            isa = PBXBuildFile;
            fileRef = '__PBXFileRef_Sources/SwiftOpenCL/CommandQueue.swift';
        };
        '__src_cc_ref_Sources/SwiftOpenCL/Context.swift' = {
            isa = PBXBuildFile;
            fileRef = '__PBXFileRef_Sources/SwiftOpenCL/Context.swift';
        };
        '__src_cc_ref_Sources/SwiftOpenCL/Device.swift' = {
            isa = PBXBuildFile;
            fileRef = '__PBXFileRef_Sources/SwiftOpenCL/Device.swift';
        };
        '__src_cc_ref_Sources/SwiftOpenCL/GclCommandQueue.swift' = {
            isa = PBXBuildFile;
            fileRef = '__PBXFileRef_Sources/SwiftOpenCL/GclCommandQueue.swift';
        };
        '__src_cc_ref_Sources/SwiftOpenCL/Kernel.swift' = {
            isa = PBXBuildFile;
            fileRef = '__PBXFileRef_Sources/SwiftOpenCL/Kernel.swift';
        };
        '__src_cc_ref_Sources/SwiftOpenCL/NDRange.swift' = {
            isa = PBXBuildFile;
            fileRef = '__PBXFileRef_Sources/SwiftOpenCL/NDRange.swift';
        };
        '__src_cc_ref_Sources/SwiftOpenCL/Platform.swift' = {
            isa = PBXBuildFile;
            fileRef = '__PBXFileRef_Sources/SwiftOpenCL/Platform.swift';
        };
        '__src_cc_ref_Sources/SwiftOpenCL/Program.swift' = {
            isa = PBXBuildFile;
            fileRef = '__PBXFileRef_Sources/SwiftOpenCL/Program.swift';
        };
        ___LinkPhase_SwiftOpenCL = {
            isa = PBXFrameworksBuildPhase;
            files = ();
            runOnlyForDeploymentPostprocessing = 0;
        };
        _______Confs_SwiftOpenCL = {
            isa = XCConfigurationList;
            buildConfigurations = (___DebugConf_SwiftOpenCL, _ReleaseConf_SwiftOpenCL);
            defaultConfigurationIsVisible = 0;
            defaultConfigurationName = Debug;
        };
        ___DebugConf_SwiftOpenCL = {
            isa = XCBuildConfiguration;
            buildSettings = { LD_RUNPATH_SEARCH_PATHS = '$(TOOLCHAIN_DIR)/usr/lib/swift/macosx'; PRODUCT_MODULE_NAME = '$(TARGET_NAME:c99extidentifier)'; ENABLE_TESTABILITY = 'YES'; OTHER_SWIFT_FLAGS = '$(inherited)'; INFOPLIST_FILE = 'SwiftOpenCL.xcodeproj/SwiftOpenCL_Info.plist'; FRAMEWORK_SEARCH_PATHS = '$(PLATFORM_DIR)/Developer/Library/Frameworks'; SWIFT_OPTIMIZATION_LEVEL = '-Onone'; OTHER_LDFLAGS = '$(inherited)'; PRODUCT_NAME = '$(TARGET_NAME:c99extidentifier)'; };
            name = Debug;
        };
        _ReleaseConf_SwiftOpenCL = {
            isa = XCBuildConfiguration;
            buildSettings = { LD_RUNPATH_SEARCH_PATHS = '$(TOOLCHAIN_DIR)/usr/lib/swift/macosx'; PRODUCT_MODULE_NAME = '$(TARGET_NAME:c99extidentifier)'; ENABLE_TESTABILITY = 'YES'; OTHER_SWIFT_FLAGS = '$(inherited)'; INFOPLIST_FILE = 'SwiftOpenCL.xcodeproj/SwiftOpenCL_Info.plist'; FRAMEWORK_SEARCH_PATHS = '$(PLATFORM_DIR)/Developer/Library/Frameworks'; OTHER_LDFLAGS = '$(inherited)'; PRODUCT_NAME = '$(TARGET_NAME:c99extidentifier)'; };
            name = Release;
        };
        __Dependency_SwiftOpenCL = {
            isa = PBXTargetDependency;
            target = ______Target_SwiftOpenCL;
        };
        '__PBXFileRef_SwiftOpenCL.xcodeproj/Configs/Project.xcconfig' = {
            isa = PBXFileReference;
            lastKnownFileType = text.xcconfig;
            name = 'Project.xcconfig';
            path = 'SwiftOpenCL.xcodeproj/Configs/Project.xcconfig';
            sourceTree = '<group>';
        };
        _____Configs_ = {
            isa = PBXGroup;
            children = ('__PBXFileRef_SwiftOpenCL.xcodeproj/Configs/Project.xcconfig');
            name = Configs;
            sourceTree = '<group>';
        };
        _____Sources_ = {
            isa = PBXGroup;
            children = (_______Group_SimpleKernel, _______Group_SwiftOpenCL);
            name = Sources;
            sourceTree = '<group>';
        };
        ____Products_ = {
            isa = PBXGroup;
            children = (_____Product_SimpleKernel, _____Product_SwiftOpenCL);
            name = Products;
            sourceTree = '<group>';
        };
        _______Debug_ = {
            isa = XCBuildConfiguration;
            baseConfigurationReference = '__PBXFileRef_SwiftOpenCL.xcodeproj/Configs/Project.xcconfig';
            buildSettings = {};
            name = Debug;
        };
        _____Release_ = {
            isa = XCBuildConfiguration;
            baseConfigurationReference = '__PBXFileRef_SwiftOpenCL.xcodeproj/Configs/Project.xcconfig';
            buildSettings = {};
            name = Release;
        };
        ___RootConfs_ = {
            isa = XCConfigurationList;
            buildConfigurations = (_______Debug_, _____Release_);
            defaultConfigurationIsVisible = 0;
            defaultConfigurationName = Debug;
        };
    };
}
